// !$*UTF8*$!
{
	archiveVersion = 1;
	classes = {
	};
	objectVersion = 56;
	objects = {

/* Begin PBXBuildFile section */
		076584DD29AA3CC600E65FF4 /* 16463057.jpeg in Resources */ = {isa = PBXBuildFile; fileRef = 076584DC29AA3CC500E65FF4 /* 16463057.jpeg */; };
		076584E029AA3D1900E65FF4 /* Assets.xcassets in Resources */ = {isa = PBXBuildFile; fileRef = 076584DF29AA3D1900E65FF4 /* Assets.xcassets */; };
		076584E429AA432000E65FF4 /* infoView.swift in Sources */ = {isa = PBXBuildFile; fileRef = 076584E329AA432000E65FF4 /* infoView.swift */; };
		07805D0529A4D30B00D865AA /* myProfileApp.swift in Sources */ = {isa = PBXBuildFile; fileRef = 07805D0429A4D30B00D865AA /* myProfileApp.swift */; };
		07805D0729A4D30B00D865AA /* ContentView.swift in Sources */ = {isa = PBXBuildFile; fileRef = 07805D0629A4D30B00D865AA /* ContentView.swift */; };
		07805D0929A4D30C00D865AA /* Assets.xcassets in Resources */ = {isa = PBXBuildFile; fileRef = 07805D0829A4D30C00D865AA /* Assets.xcassets */; };
		07805D0C29A4D30C00D865AA /* Preview Assets.xcassets in Resources */ = {isa = PBXBuildFile; fileRef = 07805D0B29A4D30C00D865AA /* Preview Assets.xcassets */; };
		07805D1629A4D30C00D865AA /* myProfileTests.swift in Sources */ = {isa = PBXBuildFile; fileRef = 07805D1529A4D30C00D865AA /* myProfileTests.swift */; };
		07805D2029A4D30C00D865AA /* myProfileUITests.swift in Sources */ = {isa = PBXBuildFile; fileRef = 07805D1F29A4D30C00D865AA /* myProfileUITests.swift */; };
		07805D2229A4D30C00D865AA /* myProfileUITestsLaunchTests.swift in Sources */ = {isa = PBXBuildFile; fileRef = 07805D2129A4D30C00D865AA /* myProfileUITestsLaunchTests.swift */; };
		07EC9A0D2A8F6D3400867446 /* ProjectsUIView.swift in Sources */ = {isa = PBXBuildFile; fileRef = 07EC9A0C2A8F6D3400867446 /* ProjectsUIView.swift */; };
		07EC9A0F2A8F6E5400867446 /* GridUIView.swift in Sources */ = {isa = PBXBuildFile; fileRef = 07EC9A0E2A8F6E5400867446 /* GridUIView.swift */; };
		07EC9A112A8F79B700867446 /* TabUIView.swift in Sources */ = {isa = PBXBuildFile; fileRef = 07EC9A102A8F79B700867446 /* TabUIView.swift */; };
/* End PBXBuildFile section */

/* Begin PBXContainerItemProxy section */
		07805D1229A4D30C00D865AA /* PBXContainerItemProxy */ = {
			isa = PBXContainerItemProxy;
			containerPortal = 07805CF929A4D30B00D865AA /* Project object */;
			proxyType = 1;
			remoteGlobalIDString = 07805D0029A4D30B00D865AA;
			remoteInfo = myProfile;
		};
		07805D1C29A4D30C00D865AA /* PBXContainerItemProxy */ = {
			isa = PBXContainerItemProxy;
			containerPortal = 07805CF929A4D30B00D865AA /* Project object */;
			proxyType = 1;
			remoteGlobalIDString = 07805D0029A4D30B00D865AA;
			remoteInfo = myProfile;
		};
/* End PBXContainerItemProxy section */

/* Begin PBXFileReference section */
		076584DC29AA3CC500E65FF4 /* 16463057.jpeg */ = {isa = PBXFileReference; lastKnownFileType = image.jpeg; path = 16463057.jpeg; sourceTree = "<group>"; };
		076584DF29AA3D1900E65FF4 /* Assets.xcassets */ = {isa = PBXFileReference; lastKnownFileType = folder.assetcatalog; path = Assets.xcassets; sourceTree = "<group>"; };
		076584E329AA432000E65FF4 /* infoView.swift */ = {isa = PBXFileReference; lastKnownFileType = sourcecode.swift; path = infoView.swift; sourceTree = "<group>"; };
		07805D0129A4D30B00D865AA /* myProfile.app */ = {isa = PBXFileReference; explicitFileType = wrapper.application; includeInIndex = 0; path = myProfile.app; sourceTree = BUILT_PRODUCTS_DIR; };
		07805D0429A4D30B00D865AA /* myProfileApp.swift */ = {isa = PBXFileReference; lastKnownFileType = sourcecode.swift; path = myProfileApp.swift; sourceTree = "<group>"; };
		07805D0629A4D30B00D865AA /* ContentView.swift */ = {isa = PBXFileReference; lastKnownFileType = sourcecode.swift; path = ContentView.swift; sourceTree = "<group>"; };
		07805D0829A4D30C00D865AA /* Assets.xcassets */ = {isa = PBXFileReference; lastKnownFileType = folder.assetcatalog; path = Assets.xcassets; sourceTree = "<group>"; };
		07805D0B29A4D30C00D865AA /* Preview Assets.xcassets */ = {isa = PBXFileReference; lastKnownFileType = folder.assetcatalog; path = "Preview Assets.xcassets"; sourceTree = "<group>"; };
		07805D1129A4D30C00D865AA /* myProfileTests.xctest */ = {isa = PBXFileReference; explicitFileType = wrapper.cfbundle; includeInIndex = 0; path = myProfileTests.xctest; sourceTree = BUILT_PRODUCTS_DIR; };
		07805D1529A4D30C00D865AA /* myProfileTests.swift */ = {isa = PBXFileReference; lastKnownFileType = sourcecode.swift; path = myProfileTests.swift; sourceTree = "<group>"; };
		07805D1B29A4D30C00D865AA /* myProfileUITests.xctest */ = {isa = PBXFileReference; explicitFileType = wrapper.cfbundle; includeInIndex = 0; path = myProfileUITests.xctest; sourceTree = BUILT_PRODUCTS_DIR; };
		07805D1F29A4D30C00D865AA /* myProfileUITests.swift */ = {isa = PBXFileReference; lastKnownFileType = sourcecode.swift; path = myProfileUITests.swift; sourceTree = "<group>"; };
		07805D2129A4D30C00D865AA /* myProfileUITestsLaunchTests.swift */ = {isa = PBXFileReference; lastKnownFileType = sourcecode.swift; path = myProfileUITestsLaunchTests.swift; sourceTree = "<group>"; };
		07EC9A0C2A8F6D3400867446 /* ProjectsUIView.swift */ = {isa = PBXFileReference; lastKnownFileType = sourcecode.swift; path = ProjectsUIView.swift; sourceTree = "<group>"; };
		07EC9A0E2A8F6E5400867446 /* GridUIView.swift */ = {isa = PBXFileReference; lastKnownFileType = sourcecode.swift; path = GridUIView.swift; sourceTree = "<group>"; };
		07EC9A102A8F79B700867446 /* TabUIView.swift */ = {isa = PBXFileReference; lastKnownFileType = sourcecode.swift; path = TabUIView.swift; sourceTree = "<group>"; };
/* End PBXFileReference section */

/* Begin PBXFrameworksBuildPhase section */
		07805CFE29A4D30B00D865AA /* Frameworks */ = {
			isa = PBXFrameworksBuildPhase;
			buildActionMask = 2147483647;
			files = (
			);
			runOnlyForDeploymentPostprocessing = 0;
		};
		07805D0E29A4D30C00D865AA /* Frameworks */ = {
			isa = PBXFrameworksBuildPhase;
			buildActionMask = 2147483647;
			files = (
			);
			runOnlyForDeploymentPostprocessing = 0;
		};
		07805D1829A4D30C00D865AA /* Frameworks */ = {
			isa = PBXFrameworksBuildPhase;
			buildActionMask = 2147483647;
			files = (
			);
			runOnlyForDeploymentPostprocessing = 0;
		};
/* End PBXFrameworksBuildPhase section */

/* Begin PBXGroup section */
		07805CF829A4D30B00D865AA = {
			isa = PBXGroup;
			children = (
				076584DF29AA3D1900E65FF4 /* Assets.xcassets */,
				076584DC29AA3CC500E65FF4 /* 16463057.jpeg */,
				07805D0329A4D30B00D865AA /* myProfile */,
				07805D1429A4D30C00D865AA /* myProfileTests */,
				07805D1E29A4D30C00D865AA /* myProfileUITests */,
				07805D0229A4D30B00D865AA /* Products */,
			);
			sourceTree = "<group>";
		};
		07805D0229A4D30B00D865AA /* Products */ = {
			isa = PBXGroup;
			children = (
				07805D0129A4D30B00D865AA /* myProfile.app */,
				07805D1129A4D30C00D865AA /* myProfileTests.xctest */,
				07805D1B29A4D30C00D865AA /* myProfileUITests.xctest */,
			);
			name = Products;
			sourceTree = "<group>";
		};
		07805D0329A4D30B00D865AA /* myProfile */ = {
			isa = PBXGroup;
			children = (
				07805D0429A4D30B00D865AA /* myProfileApp.swift */,
				07805D0629A4D30B00D865AA /* ContentView.swift */,
				07805D0829A4D30C00D865AA /* Assets.xcassets */,
				07805D0A29A4D30C00D865AA /* Preview Content */,
				076584E329AA432000E65FF4 /* infoView.swift */,
				07EC9A0C2A8F6D3400867446 /* ProjectsUIView.swift */,
				07EC9A0E2A8F6E5400867446 /* GridUIView.swift */,
				07EC9A102A8F79B700867446 /* TabUIView.swift */,
			);
			path = myProfile;
			sourceTree = "<group>";
		};
		07805D0A29A4D30C00D865AA /* Preview Content */ = {
			isa = PBXGroup;
			children = (
				07805D0B29A4D30C00D865AA /* Preview Assets.xcassets */,
			);
			path = "Preview Content";
			sourceTree = "<group>";
		};
		07805D1429A4D30C00D865AA /* myProfileTests */ = {
			isa = PBXGroup;
			children = (
				07805D1529A4D30C00D865AA /* myProfileTests.swift */,
			);
			path = myProfileTests;
			sourceTree = "<group>";
		};
		07805D1E29A4D30C00D865AA /* myProfileUITests */ = {
			isa = PBXGroup;
			children = (
				07805D1F29A4D30C00D865AA /* myProfileUITests.swift */,
				07805D2129A4D30C00D865AA /* myProfileUITestsLaunchTests.swift */,
			);
			path = myProfileUITests;
			sourceTree = "<group>";
		};
/* End PBXGroup section */

/* Begin PBXNativeTarget section */
		07805D0029A4D30B00D865AA /* myProfile */ = {
			isa = PBXNativeTarget;
			buildConfigurationList = 07805D2529A4D30C00D865AA /* Build configuration list for PBXNativeTarget "myProfile" */;
			buildPhases = (
				07805CFD29A4D30B00D865AA /* Sources */,
				07805CFE29A4D30B00D865AA /* Frameworks */,
				07805CFF29A4D30B00D865AA /* Resources */,
			);
			buildRules = (
			);
			dependencies = (
			);
			name = myProfile;
			productName = myProfile;
			productReference = 07805D0129A4D30B00D865AA /* myProfile.app */;
			productType = "com.apple.product-type.application";
		};
		07805D1029A4D30C00D865AA /* myProfileTests */ = {
			isa = PBXNativeTarget;
			buildConfigurationList = 07805D2829A4D30C00D865AA /* Build configuration list for PBXNativeTarget "myProfileTests" */;
			buildPhases = (
				07805D0D29A4D30C00D865AA /* Sources */,
				07805D0E29A4D30C00D865AA /* Frameworks */,
				07805D0F29A4D30C00D865AA /* Resources */,
			);
			buildRules = (
			);
			dependencies = (
				07805D1329A4D30C00D865AA /* PBXTargetDependency */,
			);
			name = myProfileTests;
			productName = myProfileTests;
			productReference = 07805D1129A4D30C00D865AA /* myProfileTests.xctest */;
			productType = "com.apple.product-type.bundle.unit-test";
		};
		07805D1A29A4D30C00D865AA /* myProfileUITests */ = {
			isa = PBXNativeTarget;
			buildConfigurationList = 07805D2B29A4D30C00D865AA /* Build configuration list for PBXNativeTarget "myProfileUITests" */;
			buildPhases = (
				07805D1729A4D30C00D865AA /* Sources */,
				07805D1829A4D30C00D865AA /* Frameworks */,
				07805D1929A4D30C00D865AA /* Resources */,
			);
			buildRules = (
			);
			dependencies = (
				07805D1D29A4D30C00D865AA /* PBXTargetDependency */,
			);
			name = myProfileUITests;
			productName = myProfileUITests;
			productReference = 07805D1B29A4D30C00D865AA /* myProfileUITests.xctest */;
			productType = "com.apple.product-type.bundle.ui-testing";
		};
/* End PBXNativeTarget section */

/* Begin PBXProject section */
		07805CF929A4D30B00D865AA /* Project object */ = {
			isa = PBXProject;
			attributes = {
				BuildIndependentTargetsInParallel = 1;
				LastSwiftUpdateCheck = 1420;
				LastUpgradeCheck = 1420;
				TargetAttributes = {
					07805D0029A4D30B00D865AA = {
						CreatedOnToolsVersion = 14.2;
					};
					07805D1029A4D30C00D865AA = {
						CreatedOnToolsVersion = 14.2;
						TestTargetID = 07805D0029A4D30B00D865AA;
					};
					07805D1A29A4D30C00D865AA = {
						CreatedOnToolsVersion = 14.2;
						TestTargetID = 07805D0029A4D30B00D865AA;
					};
				};
			};
			buildConfigurationList = 07805CFC29A4D30B00D865AA /* Build configuration list for PBXProject "myProfile" */;
			compatibilityVersion = "Xcode 14.0";
			developmentRegion = en;
			hasScannedForEncodings = 0;
			knownRegions = (
				en,
				Base,
			);
			mainGroup = 07805CF829A4D30B00D865AA;
			productRefGroup = 07805D0229A4D30B00D865AA /* Products */;
			projectDirPath = "";
			projectRoot = "";
			targets = (
				07805D0029A4D30B00D865AA /* myProfile */,
				07805D1029A4D30C00D865AA /* myProfileTests */,
				07805D1A29A4D30C00D865AA /* myProfileUITests */,
			);
		};
/* End PBXProject section */

/* Begin PBXResourcesBuildPhase section */
		07805CFF29A4D30B00D865AA /* Resources */ = {
			isa = PBXResourcesBuildPhase;
			buildActionMask = 2147483647;
			files = (
				07805D0C29A4D30C00D865AA /* Preview Assets.xcassets in Resources */,
				076584DD29AA3CC600E65FF4 /* 16463057.jpeg in Resources */,
				076584E029AA3D1900E65FF4 /* Assets.xcassets in Resources */,
				07805D0929A4D30C00D865AA /* Assets.xcassets in Resources */,
			);
			runOnlyForDeploymentPostprocessing = 0;
		};
		07805D0F29A4D30C00D865AA /* Resources */ = {
			isa = PBXResourcesBuildPhase;
			buildActionMask = 2147483647;
			files = (
			);
			runOnlyForDeploymentPostprocessing = 0;
		};
		07805D1929A4D30C00D865AA /* Resources */ = {
			isa = PBXResourcesBuildPhase;
			buildActionMask = 2147483647;
			files = (
			);
			runOnlyForDeploymentPostprocessing = 0;
		};
/* End PBXResourcesBuildPhase section */

/* Begin PBXSourcesBuildPhase section */
		07805CFD29A4D30B00D865AA /* Sources */ = {
			isa = PBXSourcesBuildPhase;
			buildActionMask = 2147483647;
			files = (
				076584E429AA432000E65FF4 /* infoView.swift in Sources */,
				07805D0729A4D30B00D865AA /* ContentView.swift in Sources */,
				07EC9A112A8F79B700867446 /* TabUIView.swift in Sources */,
				07EC9A0D2A8F6D3400867446 /* ProjectsUIView.swift in Sources */,
				07805D0529A4D30B00D865AA /* myProfileApp.swift in Sources */,
				07EC9A0F2A8F6E5400867446 /* GridUIView.swift in Sources */,
			);
			runOnlyForDeploymentPostprocessing = 0;
		};
		07805D0D29A4D30C00D865AA /* Sources */ = {
			isa = PBXSourcesBuildPhase;
			buildActionMask = 2147483647;
			files = (
				07805D1629A4D30C00D865AA /* myProfileTests.swift in Sources */,
			);
			runOnlyForDeploymentPostprocessing = 0;
		};
		07805D1729A4D30C00D865AA /* Sources */ = {
			isa = PBXSourcesBuildPhase;
			buildActionMask = 2147483647;
			files = (
				07805D2229A4D30C00D865AA /* myProfileUITestsLaunchTests.swift in Sources */,
				07805D2029A4D30C00D865AA /* myProfileUITests.swift in Sources */,
			);
			runOnlyForDeploymentPostprocessing = 0;
		};
/* End PBXSourcesBuildPhase section */

/* Begin PBXTargetDependency section */
		07805D1329A4D30C00D865AA /* PBXTargetDependency */ = {
			isa = PBXTargetDependency;
			target = 07805D0029A4D30B00D865AA /* myProfile */;
			targetProxy = 07805D1229A4D30C00D865AA /* PBXContainerItemProxy */;
		};
		07805D1D29A4D30C00D865AA /* PBXTargetDependency */ = {
			isa = PBXTargetDependency;
			target = 07805D0029A4D30B00D865AA /* myProfile */;
			targetProxy = 07805D1C29A4D30C00D865AA /* PBXContainerItemProxy */;
		};
/* End PBXTargetDependency section */

/* Begin XCBuildConfiguration section */
		07805D2329A4D30C00D865AA /* Debug */ = {
			isa = XCBuildConfiguration;
			buildSettings = {
				ALWAYS_SEARCH_USER_PATHS = NO;
				CLANG_ANALYZER_NONNULL = YES;
				CLANG_ANALYZER_NUMBER_OBJECT_CONVERSION = YES_AGGRESSIVE;
				CLANG_CXX_LANGUAGE_STANDARD = "gnu++20";
				CLANG_ENABLE_MODULES = YES;
				CLANG_ENABLE_OBJC_ARC = YES;
				CLANG_ENABLE_OBJC_WEAK = YES;
				CLANG_WARN_BLOCK_CAPTURE_AUTORELEASING = YES;
				CLANG_WARN_BOOL_CONVERSION = YES;
				CLANG_WARN_COMMA = YES;
				CLANG_WARN_CONSTANT_CONVERSION = YES;
				CLANG_WARN_DEPRECATED_OBJC_IMPLEMENTATIONS = YES;
				CLANG_WARN_DIRECT_OBJC_ISA_USAGE = YES_ERROR;
				CLANG_WARN_DOCUMENTATION_COMMENTS = YES;
				CLANG_WARN_EMPTY_BODY = YES;
				CLANG_WARN_ENUM_CONVERSION = YES;
				CLANG_WARN_INFINITE_RECURSION = YES;
				CLANG_WARN_INT_CONVERSION = YES;
				CLANG_WARN_NON_LITERAL_NULL_CONVERSION = YES;
				CLANG_WARN_OBJC_IMPLICIT_RETAIN_SELF = YES;
				CLANG_WARN_OBJC_LITERAL_CONVERSION = YES;
				CLANG_WARN_OBJC_ROOT_CLASS = YES_ERROR;
				CLANG_WARN_QUOTED_INCLUDE_IN_FRAMEWORK_HEADER = YES;
				CLANG_WARN_RANGE_LOOP_ANALYSIS = YES;
				CLANG_WARN_STRICT_PROTOTYPES = YES;
				CLANG_WARN_SUSPICIOUS_MOVE = YES;
				CLANG_WARN_UNGUARDED_AVAILABILITY = YES_AGGRESSIVE;
				CLANG_WARN_UNREACHABLE_CODE = YES;
				CLANG_WARN__DUPLICATE_METHOD_MATCH = YES;
				COPY_PHASE_STRIP = NO;
				DEBUG_INFORMATION_FORMAT = dwarf;
				ENABLE_STRICT_OBJC_MSGSEND = YES;
				ENABLE_TESTABILITY = YES;
				GCC_C_LANGUAGE_STANDARD = gnu11;
				GCC_DYNAMIC_NO_PIC = NO;
				GCC_NO_COMMON_BLOCKS = YES;
				GCC_OPTIMIZATION_LEVEL = 0;
				GCC_PREPROCESSOR_DEFINITIONS = (
					"DEBUG=1",
					"$(inherited)",
				);
				GCC_WARN_64_TO_32_BIT_CONVERSION = YES;
				GCC_WARN_ABOUT_RETURN_TYPE = YES_ERROR;
				GCC_WARN_UNDECLARED_SELECTOR = YES;
				GCC_WARN_UNINITIALIZED_AUTOS = YES_AGGRESSIVE;
				GCC_WARN_UNUSED_FUNCTION = YES;
				GCC_WARN_UNUSED_VARIABLE = YES;
				IPHONEOS_DEPLOYMENT_TARGET = 16.2;
				MTL_ENABLE_DEBUG_INFO = INCLUDE_SOURCE;
				MTL_FAST_MATH = YES;
				ONLY_ACTIVE_ARCH = YES;
				SDKROOT = iphoneos;
				SWIFT_ACTIVE_COMPILATION_CONDITIONS = DEBUG;
				SWIFT_OPTIMIZATION_LEVEL = "-Onone";
			};
			name = Debug;
		};
		07805D2429A4D30C00D865AA /* Release */ = {
			isa = XCBuildConfiguration;
			buildSettings = {
				ALWAYS_SEARCH_USER_PATHS = NO;
				CLANG_ANALYZER_NONNULL = YES;
				CLANG_ANALYZER_NUMBER_OBJECT_CONVERSION = YES_AGGRESSIVE;
				CLANG_CXX_LANGUAGE_STANDARD = "gnu++20";
				CLANG_ENABLE_MODULES = YES;
				CLANG_ENABLE_OBJC_ARC = YES;
				CLANG_ENABLE_OBJC_WEAK = YES;
				CLANG_WARN_BLOCK_CAPTURE_AUTORELEASING = YES;
				CLANG_WARN_BOOL_CONVERSION = YES;
				CLANG_WARN_COMMA = YES;
				CLANG_WARN_CONSTANT_CONVERSION = YES;
				CLANG_WARN_DEPRECATED_OBJC_IMPLEMENTATIONS = YES;
				CLANG_WARN_DIRECT_OBJC_ISA_USAGE = YES_ERROR;
				CLANG_WARN_DOCUMENTATION_COMMENTS = YES;
				CLANG_WARN_EMPTY_BODY = YES;
				CLANG_WARN_ENUM_CONVERSION = YES;
				CLANG_WARN_INFINITE_RECURSION = YES;
				CLANG_WARN_INT_CONVERSION = YES;
				CLANG_WARN_NON_LITERAL_NULL_CONVERSION = YES;
				CLANG_WARN_OBJC_IMPLICIT_RETAIN_SELF = YES;
				CLANG_WARN_OBJC_LITERAL_CONVERSION = YES;
				CLANG_WARN_OBJC_ROOT_CLASS = YES_ERROR;
				CLANG_WARN_QUOTED_INCLUDE_IN_FRAMEWORK_HEADER = YES;
				CLANG_WARN_RANGE_LOOP_ANALYSIS = YES;
				CLANG_WARN_STRICT_PROTOTYPES = YES;
				CLANG_WARN_SUSPICIOUS_MOVE = YES;
				CLANG_WARN_UNGUARDED_AVAILABILITY = YES_AGGRESSIVE;
				CLANG_WARN_UNREACHABLE_CODE = YES;
				CLANG_WARN__DUPLICATE_METHOD_MATCH = YES;
				COPY_PHASE_STRIP = NO;
				DEBUG_INFORMATION_FORMAT = "dwarf-with-dsym";
				ENABLE_NS_ASSERTIONS = NO;
				ENABLE_STRICT_OBJC_MSGSEND = YES;
				GCC_C_LANGUAGE_STANDARD = gnu11;
				GCC_NO_COMMON_BLOCKS = YES;
				GCC_WARN_64_TO_32_BIT_CONVERSION = YES;
				GCC_WARN_ABOUT_RETURN_TYPE = YES_ERROR;
				GCC_WARN_UNDECLARED_SELECTOR = YES;
				GCC_WARN_UNINITIALIZED_AUTOS = YES_AGGRESSIVE;
				GCC_WARN_UNUSED_FUNCTION = YES;
				GCC_WARN_UNUSED_VARIABLE = YES;
				IPHONEOS_DEPLOYMENT_TARGET = 16.2;
				MTL_ENABLE_DEBUG_INFO = NO;
				MTL_FAST_MATH = YES;
				SDKROOT = iphoneos;
				SWIFT_COMPILATION_MODE = wholemodule;
				SWIFT_OPTIMIZATION_LEVEL = "-O";
				VALIDATE_PRODUCT = YES;
			};
			name = Release;
		};
		07805D2629A4D30C00D865AA /* Debug */ = {
			isa = XCBuildConfiguration;
			buildSettings = {
				ASSETCATALOG_COMPILER_APPICON_NAME = AppIcon;
				ASSETCATALOG_COMPILER_GLOBAL_ACCENT_COLOR_NAME = AccentColor;
				CODE_SIGN_STYLE = Automatic;
				CURRENT_PROJECT_VERSION = 1;
				DEVELOPMENT_ASSET_PATHS = "\"myProfile/Preview Content\"";
				ENABLE_PREVIEWS = YES;
				GENERATE_INFOPLIST_FILE = YES;
				INFOPLIST_KEY_UIApplicationSceneManifest_Generation = YES;
				INFOPLIST_KEY_UIApplicationSupportsIndirectInputEvents = YES;
				INFOPLIST_KEY_UILaunchScreen_Generation = YES;
				INFOPLIST_KEY_UISupportedInterfaceOrientations_iPad = "UIInterfaceOrientationPortrait UIInterfaceOrientationPortraitUpsideDown UIInterfaceOrientationLandscapeLeft UIInterfaceOrientationLandscapeRight";
				INFOPLIST_KEY_UISupportedInterfaceOrientations_iPhone = "UIInterfaceOrientationPortrait UIInterfaceOrientationLandscapeLeft UIInterfaceOrientationLandscapeRight";
				LD_RUNPATH_SEARCH_PATHS = (
					"$(inherited)",
					"@executable_path/Frameworks",
				);
				MARKETING_VERSION = 1.0;
				PRODUCT_BUNDLE_IDENTIFIER = iziynaser.myProfile;
				PRODUCT_NAME = "$(TARGET_NAME)";
				SWIFT_EMIT_LOC_STRINGS = YES;
				SWIFT_VERSION = 5.0;
				TARGETED_DEVICE_FAMILY = "1,2";
			};
			name = Debug;
		};
		07805D2729A4D30C00D865AA /* Release */ = {
			isa = XCBuildConfiguration;
			buildSettings = {
				ASSETCATALOG_COMPILER_APPICON_NAME = AppIcon;
				ASSETCATALOG_COMPILER_GLOBAL_ACCENT_COLOR_NAME = AccentColor;
				CODE_SIGN_STYLE = Automatic;
				CURRENT_PROJECT_VERSION = 1;
				DEVELOPMENT_ASSET_PATHS = "\"myProfile/Preview Content\"";
				ENABLE_PREVIEWS = YES;
				GENERATE_INFOPLIST_FILE = YES;
				INFOPLIST_KEY_UIApplicationSceneManifest_Generation = YES;
				INFOPLIST_KEY_UIApplicationSupportsIndirectInputEvents = YES;
				INFOPLIST_KEY_UILaunchScreen_Generation = YES;
				INFOPLIST_KEY_UISupportedInterfaceOrientations_iPad = "UIInterfaceOrientationPortrait UIInterfaceOrientationPortraitUpsideDown UIInterfaceOrientationLandscapeLeft UIInterfaceOrientationLandscapeRight";
				INFOPLIST_KEY_UISupportedInterfaceOrientations_iPhone = "UIInterfaceOrientationPortrait UIInterfaceOrientationLandscapeLeft UIInterfaceOrientationLandscapeRight";
				LD_RUNPATH_SEARCH_PATHS = (
					"$(inherited)",
					"@executable_path/Frameworks",
				);
				MARKETING_VERSION = 1.0;
				PRODUCT_BUNDLE_IDENTIFIER = iziynaser.myProfile;
				PRODUCT_NAME = "$(TARGET_NAME)";
				SWIFT_EMIT_LOC_STRINGS = YES;
				SWIFT_VERSION = 5.0;
				TARGETED_DEVICE_FAMILY = "1,2";
			};
			name = Release;
		};
		07805D2929A4D30C00D865AA /* Debug */ = {
			isa = XCBuildConfiguration;
			buildSettings = {
				ALWAYS_EMBED_SWIFT_STANDARD_LIBRARIES = YES;
				BUNDLE_LOADER = "$(TEST_HOST)";
				CODE_SIGN_STYLE = Automatic;
				CURRENT_PROJECT_VERSION = 1;
				GENERATE_INFOPLIST_FILE = YES;
				IPHONEOS_DEPLOYMENT_TARGET = 16.2;
				MARKETING_VERSION = 1.0;
				PRODUCT_BUNDLE_IDENTIFIER = iziynaser.myProfileTests;
				PRODUCT_NAME = "$(TARGET_NAME)";
				SWIFT_EMIT_LOC_STRINGS = NO;
				SWIFT_VERSION = 5.0;
				TARGETED_DEVICE_FAMILY = "1,2";
				TEST_HOST = "$(BUILT_PRODUCTS_DIR)/myProfile.app/$(BUNDLE_EXECUTABLE_FOLDER_PATH)/myProfile";
			};
			name = Debug;
		};
		07805D2A29A4D30C00D865AA /* Release */ = {
			isa = XCBuildConfiguration;
			buildSettings = {
				ALWAYS_EMBED_SWIFT_STANDARD_LIBRARIES = YES;
				BUNDLE_LOADER = "$(TEST_HOST)";
				CODE_SIGN_STYLE = Automatic;
				CURRENT_PROJECT_VERSION = 1;
				GENERATE_INFOPLIST_FILE = YES;
				IPHONEOS_DEPLOYMENT_TARGET = 16.2;
				MARKETING_VERSION = 1.0;
				PRODUCT_BUNDLE_IDENTIFIER = iziynaser.myProfileTests;
				PRODUCT_NAME = "$(TARGET_NAME)";
				SWIFT_EMIT_LOC_STRINGS = NO;
				SWIFT_VERSION = 5.0;
				TARGETED_DEVICE_FAMILY = "1,2";
				TEST_HOST = "$(BUILT_PRODUCTS_DIR)/myProfile.app/$(BUNDLE_EXECUTABLE_FOLDER_PATH)/myProfile";
			};
			name = Release;
		};
		07805D2C29A4D30C00D865AA /* Debug */ = {
			isa = XCBuildConfiguration;
			buildSettings = {
				ALWAYS_EMBED_SWIFT_STANDARD_LIBRARIES = YES;
				CODE_SIGN_STYLE = Automatic;
				CURRENT_PROJECT_VERSION = 1;
				GENERATE_INFOPLIST_FILE = YES;
				MARKETING_VERSION = 1.0;
				PRODUCT_BUNDLE_IDENTIFIER = iziynaser.myProfileUITests;
				PRODUCT_NAME = "$(TARGET_NAME)";
				SWIFT_EMIT_LOC_STRINGS = NO;
				SWIFT_VERSION = 5.0;
				TARGETED_DEVICE_FAMILY = "1,2";
				TEST_TARGET_NAME = myProfile;
			};
			name = Debug;
		};
		07805D2D29A4D30C00D865AA /* Release */ = {
			isa = XCBuildConfiguration;
			buildSettings = {
				ALWAYS_EMBED_SWIFT_STANDARD_LIBRARIES = YES;
				CODE_SIGN_STYLE = Automatic;
				CURRENT_PROJECT_VERSION = 1;
				GENERATE_INFOPLIST_FILE = YES;
				MARKETING_VERSION = 1.0;
				PRODUCT_BUNDLE_IDENTIFIER = iziynaser.myProfileUITests;
				PRODUCT_NAME = "$(TARGET_NAME)";
				SWIFT_EMIT_LOC_STRINGS = NO;
				SWIFT_VERSION = 5.0;
				TARGETED_DEVICE_FAMILY = "1,2";
				TEST_TARGET_NAME = myProfile;
			};
			name = Release;
		};
/* End XCBuildConfiguration section */

/* Begin XCConfigurationList section */
		07805CFC29A4D30B00D865AA /* Build configuration list for PBXProject "myProfile" */ = {
			isa = XCConfigurationList;
			buildConfigurations = (
				07805D2329A4D30C00D865AA /* Debug */,
				07805D2429A4D30C00D865AA /* Release */,
			);
			defaultConfigurationIsVisible = 0;
			defaultConfigurationName = Release;
		};
		07805D2529A4D30C00D865AA /* Build configuration list for PBXNativeTarget "myProfile" */ = {
			isa = XCConfigurationList;
			buildConfigurations = (
				07805D2629A4D30C00D865AA /* Debug */,
				07805D2729A4D30C00D865AA /* Release */,
			);
			defaultConfigurationIsVisible = 0;
			defaultConfigurationName = Release;
		};
		07805D2829A4D30C00D865AA /* Build configuration list for PBXNativeTarget "myProfileTests" */ = {
			isa = XCConfigurationList;
			buildConfigurations = (
				07805D2929A4D30C00D865AA /* Debug */,
				07805D2A29A4D30C00D865AA /* Release */,
			);
			defaultConfigurationIsVisible = 0;
			defaultConfigurationName = Release;
		};
		07805D2B29A4D30C00D865AA /* Build configuration list for PBXNativeTarget "myProfileUITests" */ = {
			isa = XCConfigurationList;
			buildConfigurations = (
				07805D2C29A4D30C00D865AA /* Debug */,
				07805D2D29A4D30C00D865AA /* Release */,
			);
			defaultConfigurationIsVisible = 0;
			defaultConfigurationName = Release;
		};
/* End XCConfigurationList section */
	};
	rootObject = 07805CF929A4D30B00D865AA /* Project object */;
}
